
Microsoft Visual Studio Solution File, Format Version 12.00
# Visual Studio 15
VisualStudioVersion = 15.0.28010.2016
MinimumVisualStudioVersion = 10.0.40219.1
Project("{8BC9CEB8-8B4A-11D0-8D11-00A0C91BC942}") = "Parallel_OpenMP", "Parallel_OpenMP\Parallel_OpenMP.vcxproj", "{3932A943-0335-4E7E-8EFE-D8D913D5D34E}"
EndProject
Global
	GlobalSection(SolutionConfigurationPlatforms) = preSolution
		Debug|x64 = Debug|x64
		Debug|x86 = Debug|x86
		Release|x64 = Release|x64
		Release|x86 = Release|x86
	EndGlobalSection
	GlobalSection(ProjectConfigurationPlatforms) = postSolution
		{3932A943-0335-4E7E-8EFE-D8D913D5D34E}.Debug|x64.ActiveCfg = Debug|x64
		{3932A943-0335-4E7E-8EFE-D8D913D5D34E}.Debug|x64.Build.0 = Debug|x64
		{3932A943-0335-4E7E-8EFE-D8D913D5D34E}.Debug|x86.ActiveCfg = Debug|Win32
		{3932A943-0335-4E7E-8EFE-D8D913D5D34E}.Debug|x86.Build.0 = Debug|Win32
		{3932A943-0335-4E7E-8EFE-D8D913D5D34E}.Release|x64.ActiveCfg = Release|x64
		{3932A943-0335-4E7E-8EFE-D8D913D5D34E}.Release|x64.Build.0 = Release|x64
		{3932A943-0335-4E7E-8EFE-D8D913D5D34E}.Release|x86.ActiveCfg = Release|Win32
		{3932A943-0335-4E7E-8EFE-D8D913D5D34E}.Release|x86.Build.0 = Release|Win32
	EndGlobalSection
	GlobalSection(SolutionProperties) = preSolution
		HideSolutionNode = FALSE
	EndGlobalSection
	GlobalSection(ExtensibilityGlobals) = postSolution
		SolutionGuid = {EFFA7335-F7CA-49B7-86DA-15AFDCB23AF4}
	EndGlobalSection
EndGlobal
